
Microsoft Visual Studio Solution File, Format Version 12.00
# Visual Studio Version 17
VisualStudioVersion = 17.0.31903.59
MinimumVisualStudioVersion = 10.0.40219.1
Project("{FAE04EC0-301F-11D3-BF4B-00C04F79EFBC}") = "API", "API\API.csproj", "{A305B9D5-8A5D-40AD-B696-AB00C5636711}"
EndProject
Project("{FAE04EC0-301F-11D3-BF4B-00C04F79EFBC}") = "Core", "Core\Core.csproj", "{43A04D7A-F292-47DB-BE1D-52A2EADEE2C5}"
EndProject
Project("{FAE04EC0-301F-11D3-BF4B-00C04F79EFBC}") = "Infrastructure", "Infrastructure\Infrastructure.csproj", "{325E0C7A-5479-4A31-8E47-6094E4590736}"
EndProject
Global
	GlobalSection(SolutionConfigurationPlatforms) = preSolution
		Debug|Any CPU = Debug|Any CPU
		Debug|x64 = Debug|x64
		Debug|x86 = Debug|x86
		Release|Any CPU = Release|Any CPU
		Release|x64 = Release|x64
		Release|x86 = Release|x86
	EndGlobalSection
	GlobalSection(ProjectConfigurationPlatforms) = postSolution
		{A305B9D5-8A5D-40AD-B696-AB00C5636711}.Debug|Any CPU.ActiveCfg = Debug|Any CPU
		{A305B9D5-8A5D-40AD-B696-AB00C5636711}.Debug|Any CPU.Build.0 = Debug|Any CPU
		{A305B9D5-8A5D-40AD-B696-AB00C5636711}.Debug|x64.ActiveCfg = Debug|Any CPU
		{A305B9D5-8A5D-40AD-B696-AB00C5636711}.Debug|x64.Build.0 = Debug|Any CPU
		{A305B9D5-8A5D-40AD-B696-AB00C5636711}.Debug|x86.ActiveCfg = Debug|Any CPU
		{A305B9D5-8A5D-40AD-B696-AB00C5636711}.Debug|x86.Build.0 = Debug|Any CPU
		{A305B9D5-8A5D-40AD-B696-AB00C5636711}.Release|Any CPU.ActiveCfg = Release|Any CPU
		{A305B9D5-8A5D-40AD-B696-AB00C5636711}.Release|Any CPU.Build.0 = Release|Any CPU
		{A305B9D5-8A5D-40AD-B696-AB00C5636711}.Release|x64.ActiveCfg = Release|Any CPU
		{A305B9D5-8A5D-40AD-B696-AB00C5636711}.Release|x64.Build.0 = Release|Any CPU
		{A305B9D5-8A5D-40AD-B696-AB00C5636711}.Release|x86.ActiveCfg = Release|Any CPU
		{A305B9D5-8A5D-40AD-B696-AB00C5636711}.Release|x86.Build.0 = Release|Any CPU
		{43A04D7A-F292-47DB-BE1D-52A2EADEE2C5}.Debug|Any CPU.ActiveCfg = Debug|Any CPU
		{43A04D7A-F292-47DB-BE1D-52A2EADEE2C5}.Debug|Any CPU.Build.0 = Debug|Any CPU
		{43A04D7A-F292-47DB-BE1D-52A2EADEE2C5}.Debug|x64.ActiveCfg = Debug|Any CPU
		{43A04D7A-F292-47DB-BE1D-52A2EADEE2C5}.Debug|x64.Build.0 = Debug|Any CPU
		{43A04D7A-F292-47DB-BE1D-52A2EADEE2C5}.Debug|x86.ActiveCfg = Debug|Any CPU
		{43A04D7A-F292-47DB-BE1D-52A2EADEE2C5}.Debug|x86.Build.0 = Debug|Any CPU
		{43A04D7A-F292-47DB-BE1D-52A2EADEE2C5}.Release|Any CPU.ActiveCfg = Release|Any CPU
		{43A04D7A-F292-47DB-BE1D-52A2EADEE2C5}.Release|Any CPU.Build.0 = Release|Any CPU
		{43A04D7A-F292-47DB-BE1D-52A2EADEE2C5}.Release|x64.ActiveCfg = Release|Any CPU
		{43A04D7A-F292-47DB-BE1D-52A2EADEE2C5}.Release|x64.Build.0 = Release|Any CPU
		{43A04D7A-F292-47DB-BE1D-52A2EADEE2C5}.Release|x86.ActiveCfg = Release|Any CPU
		{43A04D7A-F292-47DB-BE1D-52A2EADEE2C5}.Release|x86.Build.0 = Release|Any CPU
		{325E0C7A-5479-4A31-8E47-6094E4590736}.Debug|Any CPU.ActiveCfg = Debug|Any CPU
		{325E0C7A-5479-4A31-8E47-6094E4590736}.Debug|Any CPU.Build.0 = Debug|Any CPU
		{325E0C7A-5479-4A31-8E47-6094E4590736}.Debug|x64.ActiveCfg = Debug|Any CPU
		{325E0C7A-5479-4A31-8E47-6094E4590736}.Debug|x64.Build.0 = Debug|Any CPU
		{325E0C7A-5479-4A31-8E47-6094E4590736}.Debug|x86.ActiveCfg = Debug|Any CPU
		{325E0C7A-5479-4A31-8E47-6094E4590736}.Debug|x86.Build.0 = Debug|Any CPU
		{325E0C7A-5479-4A31-8E47-6094E4590736}.Release|Any CPU.ActiveCfg = Release|Any CPU
		{325E0C7A-5479-4A31-8E47-6094E4590736}.Release|Any CPU.Build.0 = Release|Any CPU
		{325E0C7A-5479-4A31-8E47-6094E4590736}.Release|x64.ActiveCfg = Release|Any CPU
		{325E0C7A-5479-4A31-8E47-6094E4590736}.Release|x64.Build.0 = Release|Any CPU
		{325E0C7A-5479-4A31-8E47-6094E4590736}.Release|x86.ActiveCfg = Release|Any CPU
		{325E0C7A-5479-4A31-8E47-6094E4590736}.Release|x86.Build.0 = Release|Any CPU
	EndGlobalSection
	GlobalSection(SolutionProperties) = preSolution
		HideSolutionNode = FALSE
	EndGlobalSection
EndGlobal
